// !$*UTF8*$!
{
	archiveVersion = 1;
	classes = {
	};
	objectVersion = 51;
	objects = {

/* Begin PBXBuildFile section */
		0635912046C0BA54E2172EEF /* Pods_Kris_KrisUITests.framework in Frameworks */ = {isa = PBXBuildFile; fileRef = EC792C701E125494F8600DDC /* Pods_Kris_KrisUITests.framework */; };
		182580A4242E414600A0317E /* InfoCell.swift in Sources */ = {isa = PBXBuildFile; fileRef = 182580A3242E414600A0317E /* InfoCell.swift */; };
		182580A6242E416300A0317E /* SkillCell.swift in Sources */ = {isa = PBXBuildFile; fileRef = 182580A5242E416300A0317E /* SkillCell.swift */; };
		182580A8242E418300A0317E /* SkillCellwHeader.swift in Sources */ = {isa = PBXBuildFile; fileRef = 182580A7242E418300A0317E /* SkillCellwHeader.swift */; };
		182580AA242E474100A0317E /* SkillsViewController.swift in Sources */ = {isa = PBXBuildFile; fileRef = 182580A9242E474100A0317E /* SkillsViewController.swift */; };
		182580AE242FD85700A0317E /* ProjectsViewController.swift in Sources */ = {isa = PBXBuildFile; fileRef = 182580AD242FD85700A0317E /* ProjectsViewController.swift */; };
		182580B0242FD9D300A0317E /* ProjectsCell.swift in Sources */ = {isa = PBXBuildFile; fileRef = 182580AF242FD9D300A0317E /* ProjectsCell.swift */; };
		182580B32431A78100A0317E /* BookCell.swift in Sources */ = {isa = PBXBuildFile; fileRef = 182580B22431A78100A0317E /* BookCell.swift */; };
		182580B524323FB900A0317E /* HeaderCell.swift in Sources */ = {isa = PBXBuildFile; fileRef = 182580B424323FB900A0317E /* HeaderCell.swift */; };
		182580B8243279E500A0317E /* LinkCell.swift in Sources */ = {isa = PBXBuildFile; fileRef = 182580B7243279E500A0317E /* LinkCell.swift */; };
		182580BA243374FC00A0317E /* AlbumCell.swift in Sources */ = {isa = PBXBuildFile; fileRef = 182580B9243374FC00A0317E /* AlbumCell.swift */; };
		183BC28324284616006A01F8 /* AboutMeInfoCell.swift in Sources */ = {isa = PBXBuildFile; fileRef = 183BC28224284616006A01F8 /* AboutMeInfoCell.swift */; };
		183BC2852428D357006A01F8 /* AboutMeEducationCell.swift in Sources */ = {isa = PBXBuildFile; fileRef = 183BC2842428D357006A01F8 /* AboutMeEducationCell.swift */; };
		183BC288242B9E45006A01F8 /* WorkHeaderCell.swift in Sources */ = {isa = PBXBuildFile; fileRef = 183BC287242B9E45006A01F8 /* WorkHeaderCell.swift */; };
		183BC28A242BA4B2006A01F8 /* JobCell.swift in Sources */ = {isa = PBXBuildFile; fileRef = 183BC289242BA4B2006A01F8 /* JobCell.swift */; };
		1863D0BE2449FE1800A3608D /* JobData.swift in Sources */ = {isa = PBXBuildFile; fileRef = 1863D0BD2449FE1800A3608D /* JobData.swift */; };
		186EA9E2243658D200282369 /* LinkView.swift in Sources */ = {isa = PBXBuildFile; fileRef = 186EA9E1243658D200282369 /* LinkView.swift */; };
		186EA9EA2439097000282369 /* MessageCell.swift in Sources */ = {isa = PBXBuildFile; fileRef = 186EA9E92439097000282369 /* MessageCell.swift */; };
		186EA9EC24396D6900282369 /* GetInfoViewController.swift in Sources */ = {isa = PBXBuildFile; fileRef = 186EA9EB24396D6900282369 /* GetInfoViewController.swift */; };
		186EA9EE24399A1500282369 /* MessageHeaderCell.swift in Sources */ = {isa = PBXBuildFile; fileRef = 186EA9ED24399A1500282369 /* MessageHeaderCell.swift */; };
		187566832442442F00F62C7A /* GoogleService-Info.plist in Resources */ = {isa = PBXBuildFile; fileRef = 187566822442442F00F62C7A /* GoogleService-Info.plist */; };
		187566852442466900F62C7A /* PushNotification.swift in Sources */ = {isa = PBXBuildFile; fileRef = 187566842442466900F62C7A /* PushNotification.swift */; };
		18CFF34A2442D6AF00D42016 /* InboxVC.swift in Sources */ = {isa = PBXBuildFile; fileRef = 18CFF3492442D6AF00D42016 /* InboxVC.swift */; };
		18CFF34C2442D6C700D42016 /* InboxCell.swift in Sources */ = {isa = PBXBuildFile; fileRef = 18CFF34B2442D6C700D42016 /* InboxCell.swift */; };
		18E7D3C4243D490100FF8FBF /* DeviceModel.swift in Sources */ = {isa = PBXBuildFile; fileRef = 18E7D3C3243D490100FF8FBF /* DeviceModel.swift */; };
		18E7D3C6243D496000FF8FBF /* MapStyle.swift in Sources */ = {isa = PBXBuildFile; fileRef = 18E7D3C5243D496000FF8FBF /* MapStyle.swift */; };
		18E7D3C8243D497B00FF8FBF /* Vibrations.swift in Sources */ = {isa = PBXBuildFile; fileRef = 18E7D3C7243D497B00FF8FBF /* Vibrations.swift */; };
		18E7D3CA243D49F200FF8FBF /* BlockedViewController.swift in Sources */ = {isa = PBXBuildFile; fileRef = 18E7D3C9243D49F200FF8FBF /* BlockedViewController.swift */; };
		18E7D3CD243D4A1B00FF8FBF /* Database.swift in Sources */ = {isa = PBXBuildFile; fileRef = 18E7D3CC243D4A1B00FF8FBF /* Database.swift */; };
		18E7D3CF243D4A5900FF8FBF /* Timestamp.swift in Sources */ = {isa = PBXBuildFile; fileRef = 18E7D3CE243D4A5900FF8FBF /* Timestamp.swift */; };
		18E7D3D1243D4AAD00FF8FBF /* RecordDevice.swift in Sources */ = {isa = PBXBuildFile; fileRef = 18E7D3D0243D4AAD00FF8FBF /* RecordDevice.swift */; };
		18ED98272426D49900F98C67 /* AppDelegate.swift in Sources */ = {isa = PBXBuildFile; fileRef = 18ED98262426D49900F98C67 /* AppDelegate.swift */; };
		18ED98292426D49900F98C67 /* SceneDelegate.swift in Sources */ = {isa = PBXBuildFile; fileRef = 18ED98282426D49900F98C67 /* SceneDelegate.swift */; };
		18ED982B2426D49900F98C67 /* AboutMeViewController.swift in Sources */ = {isa = PBXBuildFile; fileRef = 18ED982A2426D49900F98C67 /* AboutMeViewController.swift */; };
		18ED982E2426D49900F98C67 /* Main.storyboard in Resources */ = {isa = PBXBuildFile; fileRef = 18ED982C2426D49900F98C67 /* Main.storyboard */; };
		18ED98302426D49A00F98C67 /* Assets.xcassets in Resources */ = {isa = PBXBuildFile; fileRef = 18ED982F2426D49A00F98C67 /* Assets.xcassets */; };
		18ED98332426D49A00F98C67 /* LaunchScreen.storyboard in Resources */ = {isa = PBXBuildFile; fileRef = 18ED98312426D49A00F98C67 /* LaunchScreen.storyboard */; };
		18ED983E2426D49A00F98C67 /* KrisTests.swift in Sources */ = {isa = PBXBuildFile; fileRef = 18ED983D2426D49A00F98C67 /* KrisTests.swift */; };
		18ED98492426D49A00F98C67 /* KrisUITests.swift in Sources */ = {isa = PBXBuildFile; fileRef = 18ED98482426D49A00F98C67 /* KrisUITests.swift */; };
		18ED98592426DDB300F98C67 /* WorkViewController.swift in Sources */ = {isa = PBXBuildFile; fileRef = 18ED98582426DDB300F98C67 /* WorkViewController.swift */; };
		18ED985B2426DEEB00F98C67 /* ColorTheme.swift in Sources */ = {isa = PBXBuildFile; fileRef = 18ED985A2426DEEB00F98C67 /* ColorTheme.swift */; };
		18ED985D242718FC00F98C67 /* InterestsViewController.swift in Sources */ = {isa = PBXBuildFile; fileRef = 18ED985C242718FC00F98C67 /* InterestsViewController.swift */; };
		18ED985F2427194900F98C67 /* BlogViewController.swift in Sources */ = {isa = PBXBuildFile; fileRef = 18ED985E2427194900F98C67 /* BlogViewController.swift */; };
		18ED9861242719C500F98C67 /* MessageViewControlller.swift in Sources */ = {isa = PBXBuildFile; fileRef = 18ED9860242719C500F98C67 /* MessageViewControlller.swift */; };
		18ED98662427A2B000F98C67 /* AboutMeHeaderCell.swift in Sources */ = {isa = PBXBuildFile; fileRef = 18ED98652427A2B000F98C67 /* AboutMeHeaderCell.swift */; };
		18EDACB82434D640004C11D8 /* LoadingViewController.swift in Sources */ = {isa = PBXBuildFile; fileRef = 18EDACB72434D640004C11D8 /* LoadingViewController.swift */; };
		18EDACBC2434FA88004C11D8 /* PostCell.swift in Sources */ = {isa = PBXBuildFile; fileRef = 18EDACBB2434FA88004C11D8 /* PostCell.swift */; };
		18EDACBE2435139B004C11D8 /* BlogCell.swift in Sources */ = {isa = PBXBuildFile; fileRef = 18EDACBD2435139B004C11D8 /* BlogCell.swift */; };
		18F3292E243CC753000C0B15 /* GoogleAds.swift in Sources */ = {isa = PBXBuildFile; fileRef = 18F3292D243CC753000C0B15 /* GoogleAds.swift */; };
		18F32932243CC7DF000C0B15 /* DetectScreenShot.swift in Sources */ = {isa = PBXBuildFile; fileRef = 18F32931243CC7DF000C0B15 /* DetectScreenShot.swift */; };
		18F32934243CC854000C0B15 /* PresentNotification.swift in Sources */ = {isa = PBXBuildFile; fileRef = 18F32933243CC854000C0B15 /* PresentNotification.swift */; };
		18F32938243CC9A3000C0B15 /* TabBarViewController.swift in Sources */ = {isa = PBXBuildFile; fileRef = 18F32937243CC9A3000C0B15 /* TabBarViewController.swift */; };
		18F3293A243CCA74000C0B15 /* TabBarSlideAnimation.swift in Sources */ = {isa = PBXBuildFile; fileRef = 18F32939243CCA74000C0B15 /* TabBarSlideAnimation.swift */; };
		DEEF4292F1E293A1CE02E791 /* Pods_KrisTests.framework in Frameworks */ = {isa = PBXBuildFile; fileRef = 12DF4825DE935201B1D68A4F /* Pods_KrisTests.framework */; };
		FADA3525C9B61EBA2C81432B /* Pods_Kris.framework in Frameworks */ = {isa = PBXBuildFile; fileRef = EF12003CF8BF5C669CAB551A /* Pods_Kris.framework */; };
/* End PBXBuildFile section */

/* Begin PBXContainerItemProxy section */
		18ED983A2426D49A00F98C67 /* PBXContainerItemProxy */ = {
			isa = PBXContainerItemProxy;
			containerPortal = 18ED981B2426D49900F98C67 /* Project object */;
			proxyType = 1;
			remoteGlobalIDString = 18ED98222426D49900F98C67;
			remoteInfo = Kris;
		};
		18ED98452426D49A00F98C67 /* PBXContainerItemProxy */ = {
			isa = PBXContainerItemProxy;
			containerPortal = 18ED981B2426D49900F98C67 /* Project object */;
			proxyType = 1;
			remoteGlobalIDString = 18ED98222426D49900F98C67;
			remoteInfo = Kris;
		};
/* End PBXContainerItemProxy section */

/* Begin PBXFileReference section */
		12DF4825DE935201B1D68A4F /* Pods_KrisTests.framework */ = {isa = PBXFileReference; explicitFileType = wrapper.framework; includeInIndex = 0; path = Pods_KrisTests.framework; sourceTree = BUILT_PRODUCTS_DIR; };
		182580A3242E414600A0317E /* InfoCell.swift */ = {isa = PBXFileReference; lastKnownFileType = sourcecode.swift; path = InfoCell.swift; sourceTree = "<group>"; };
		182580A5242E416300A0317E /* SkillCell.swift */ = {isa = PBXFileReference; lastKnownFileType = sourcecode.swift; path = SkillCell.swift; sourceTree = "<group>"; };
		182580A7242E418300A0317E /* SkillCellwHeader.swift */ = {isa = PBXFileReference; lastKnownFileType = sourcecode.swift; path = SkillCellwHeader.swift; sourceTree = "<group>"; };
		182580A9242E474100A0317E /* SkillsViewController.swift */ = {isa = PBXFileReference; lastKnownFileType = sourcecode.swift; path = SkillsViewController.swift; sourceTree = "<group>"; };
		182580AD242FD85700A0317E /* ProjectsViewController.swift */ = {isa = PBXFileReference; lastKnownFileType = sourcecode.swift; path = ProjectsViewController.swift; sourceTree = "<group>"; };
		182580AF242FD9D300A0317E /* ProjectsCell.swift */ = {isa = PBXFileReference; lastKnownFileType = sourcecode.swift; path = ProjectsCell.swift; sourceTree = "<group>"; };
		182580B22431A78100A0317E /* BookCell.swift */ = {isa = PBXFileReference; lastKnownFileType = sourcecode.swift; path = BookCell.swift; sourceTree = "<group>"; };
		182580B424323FB900A0317E /* HeaderCell.swift */ = {isa = PBXFileReference; lastKnownFileType = sourcecode.swift; path = HeaderCell.swift; sourceTree = "<group>"; };
		182580B7243279E500A0317E /* LinkCell.swift */ = {isa = PBXFileReference; lastKnownFileType = sourcecode.swift; path = LinkCell.swift; sourceTree = "<group>"; };
		182580B9243374FC00A0317E /* AlbumCell.swift */ = {isa = PBXFileReference; lastKnownFileType = sourcecode.swift; path = AlbumCell.swift; sourceTree = "<group>"; };
		183BC28224284616006A01F8 /* AboutMeInfoCell.swift */ = {isa = PBXFileReference; lastKnownFileType = sourcecode.swift; path = AboutMeInfoCell.swift; sourceTree = "<group>"; };
		183BC2842428D357006A01F8 /* AboutMeEducationCell.swift */ = {isa = PBXFileReference; lastKnownFileType = sourcecode.swift; path = AboutMeEducationCell.swift; sourceTree = "<group>"; };
		183BC287242B9E45006A01F8 /* WorkHeaderCell.swift */ = {isa = PBXFileReference; lastKnownFileType = sourcecode.swift; path = WorkHeaderCell.swift; sourceTree = "<group>"; };
		183BC289242BA4B2006A01F8 /* JobCell.swift */ = {isa = PBXFileReference; lastKnownFileType = sourcecode.swift; path = JobCell.swift; sourceTree = "<group>"; };
		1863D0BD2449FE1800A3608D /* JobData.swift */ = {isa = PBXFileReference; lastKnownFileType = sourcecode.swift; path = JobData.swift; sourceTree = "<group>"; };
		186EA9E1243658D200282369 /* LinkView.swift */ = {isa = PBXFileReference; lastKnownFileType = sourcecode.swift; path = LinkView.swift; sourceTree = "<group>"; };
		186EA9E92439097000282369 /* MessageCell.swift */ = {isa = PBXFileReference; lastKnownFileType = sourcecode.swift; path = MessageCell.swift; sourceTree = "<group>"; };
		186EA9EB24396D6900282369 /* GetInfoViewController.swift */ = {isa = PBXFileReference; lastKnownFileType = sourcecode.swift; path = GetInfoViewController.swift; sourceTree = "<group>"; };
		186EA9ED24399A1500282369 /* MessageHeaderCell.swift */ = {isa = PBXFileReference; lastKnownFileType = sourcecode.swift; path = MessageHeaderCell.swift; sourceTree = "<group>"; };
		187566822442442F00F62C7A /* GoogleService-Info.plist */ = {isa = PBXFileReference; fileEncoding = 4; lastKnownFileType = text.plist.xml; name = "GoogleService-Info.plist"; path = "../../../GoogleService-Info.plist"; sourceTree = "<group>"; };
		187566842442466900F62C7A /* PushNotification.swift */ = {isa = PBXFileReference; fileEncoding = 4; lastKnownFileType = sourcecode.swift; path = PushNotification.swift; sourceTree = "<group>"; };
		1875668624424A1200F62C7A /* Resume.entitlements */ = {isa = PBXFileReference; lastKnownFileType = text.plist.entitlements; path = Resume.entitlements; sourceTree = "<group>"; };
		18CFF3492442D6AF00D42016 /* InboxVC.swift */ = {isa = PBXFileReference; lastKnownFileType = sourcecode.swift; path = InboxVC.swift; sourceTree = "<group>"; };
		18CFF34B2442D6C700D42016 /* InboxCell.swift */ = {isa = PBXFileReference; lastKnownFileType = sourcecode.swift; path = InboxCell.swift; sourceTree = "<group>"; };
		18E7D3C3243D490100FF8FBF /* DeviceModel.swift */ = {isa = PBXFileReference; lastKnownFileType = sourcecode.swift; path = DeviceModel.swift; sourceTree = "<group>"; };
		18E7D3C5243D496000FF8FBF /* MapStyle.swift */ = {isa = PBXFileReference; lastKnownFileType = sourcecode.swift; path = MapStyle.swift; sourceTree = "<group>"; };
		18E7D3C7243D497B00FF8FBF /* Vibrations.swift */ = {isa = PBXFileReference; lastKnownFileType = sourcecode.swift; path = Vibrations.swift; sourceTree = "<group>"; };
		18E7D3C9243D49F200FF8FBF /* BlockedViewController.swift */ = {isa = PBXFileReference; lastKnownFileType = sourcecode.swift; path = BlockedViewController.swift; sourceTree = "<group>"; };
		18E7D3CC243D4A1B00FF8FBF /* Database.swift */ = {isa = PBXFileReference; lastKnownFileType = sourcecode.swift; path = Database.swift; sourceTree = "<group>"; };
		18E7D3CE243D4A5900FF8FBF /* Timestamp.swift */ = {isa = PBXFileReference; lastKnownFileType = sourcecode.swift; path = Timestamp.swift; sourceTree = "<group>"; };
		18E7D3D0243D4AAD00FF8FBF /* RecordDevice.swift */ = {isa = PBXFileReference; lastKnownFileType = sourcecode.swift; path = RecordDevice.swift; sourceTree = "<group>"; };
		18ED98232426D49900F98C67 /* Hire Kris!.app */ = {isa = PBXFileReference; explicitFileType = wrapper.application; includeInIndex = 0; path = "Hire Kris!.app"; sourceTree = BUILT_PRODUCTS_DIR; };
		18ED98262426D49900F98C67 /* AppDelegate.swift */ = {isa = PBXFileReference; lastKnownFileType = sourcecode.swift; path = AppDelegate.swift; sourceTree = "<group>"; };
		18ED98282426D49900F98C67 /* SceneDelegate.swift */ = {isa = PBXFileReference; lastKnownFileType = sourcecode.swift; path = SceneDelegate.swift; sourceTree = "<group>"; };
		18ED982A2426D49900F98C67 /* AboutMeViewController.swift */ = {isa = PBXFileReference; lastKnownFileType = sourcecode.swift; path = AboutMeViewController.swift; sourceTree = "<group>"; };
		18ED982D2426D49900F98C67 /* Base */ = {isa = PBXFileReference; lastKnownFileType = file.storyboard; name = Base; path = Base.lproj/Main.storyboard; sourceTree = "<group>"; };
		18ED982F2426D49A00F98C67 /* Assets.xcassets */ = {isa = PBXFileReference; lastKnownFileType = folder.assetcatalog; path = Assets.xcassets; sourceTree = "<group>"; };
		18ED98322426D49A00F98C67 /* Base */ = {isa = PBXFileReference; lastKnownFileType = file.storyboard; name = Base; path = Base.lproj/LaunchScreen.storyboard; sourceTree = "<group>"; };
		18ED98342426D49A00F98C67 /* Info.plist */ = {isa = PBXFileReference; lastKnownFileType = text.plist.xml; path = Info.plist; sourceTree = "<group>"; };
		18ED98392426D49A00F98C67 /* KrisTests.xctest */ = {isa = PBXFileReference; explicitFileType = wrapper.cfbundle; includeInIndex = 0; path = KrisTests.xctest; sourceTree = BUILT_PRODUCTS_DIR; };
		18ED983D2426D49A00F98C67 /* KrisTests.swift */ = {isa = PBXFileReference; lastKnownFileType = sourcecode.swift; path = KrisTests.swift; sourceTree = "<group>"; };
		18ED983F2426D49A00F98C67 /* Info.plist */ = {isa = PBXFileReference; lastKnownFileType = text.plist.xml; path = Info.plist; sourceTree = "<group>"; };
		18ED98442426D49A00F98C67 /* KrisUITests.xctest */ = {isa = PBXFileReference; explicitFileType = wrapper.cfbundle; includeInIndex = 0; path = KrisUITests.xctest; sourceTree = BUILT_PRODUCTS_DIR; };
		18ED98482426D49A00F98C67 /* KrisUITests.swift */ = {isa = PBXFileReference; lastKnownFileType = sourcecode.swift; path = KrisUITests.swift; sourceTree = "<group>"; };
		18ED984A2426D49A00F98C67 /* Info.plist */ = {isa = PBXFileReference; lastKnownFileType = text.plist.xml; path = Info.plist; sourceTree = "<group>"; };
		18ED98582426DDB300F98C67 /* WorkViewController.swift */ = {isa = PBXFileReference; lastKnownFileType = sourcecode.swift; path = WorkViewController.swift; sourceTree = "<group>"; };
		18ED985A2426DEEB00F98C67 /* ColorTheme.swift */ = {isa = PBXFileReference; lastKnownFileType = sourcecode.swift; path = ColorTheme.swift; sourceTree = "<group>"; };
		18ED985C242718FC00F98C67 /* InterestsViewController.swift */ = {isa = PBXFileReference; lastKnownFileType = sourcecode.swift; path = InterestsViewController.swift; sourceTree = "<group>"; };
		18ED985E2427194900F98C67 /* BlogViewController.swift */ = {isa = PBXFileReference; lastKnownFileType = sourcecode.swift; path = BlogViewController.swift; sourceTree = "<group>"; };
		18ED9860242719C500F98C67 /* MessageViewControlller.swift */ = {isa = PBXFileReference; lastKnownFileType = sourcecode.swift; path = MessageViewControlller.swift; sourceTree = "<group>"; };
		18ED98652427A2B000F98C67 /* AboutMeHeaderCell.swift */ = {isa = PBXFileReference; lastKnownFileType = sourcecode.swift; path = AboutMeHeaderCell.swift; sourceTree = "<group>"; };
		18EDACB72434D640004C11D8 /* LoadingViewController.swift */ = {isa = PBXFileReference; lastKnownFileType = sourcecode.swift; path = LoadingViewController.swift; sourceTree = "<group>"; };
		18EDACBB2434FA88004C11D8 /* PostCell.swift */ = {isa = PBXFileReference; lastKnownFileType = sourcecode.swift; path = PostCell.swift; sourceTree = "<group>"; };
		18EDACBD2435139B004C11D8 /* BlogCell.swift */ = {isa = PBXFileReference; lastKnownFileType = sourcecode.swift; path = BlogCell.swift; sourceTree = "<group>"; };
		18F3292D243CC753000C0B15 /* GoogleAds.swift */ = {isa = PBXFileReference; lastKnownFileType = sourcecode.swift; path = GoogleAds.swift; sourceTree = "<group>"; };
		18F32931243CC7DF000C0B15 /* DetectScreenShot.swift */ = {isa = PBXFileReference; lastKnownFileType = sourcecode.swift; path = DetectScreenShot.swift; sourceTree = "<group>"; };
		18F32933243CC854000C0B15 /* PresentNotification.swift */ = {isa = PBXFileReference; lastKnownFileType = sourcecode.swift; path = PresentNotification.swift; sourceTree = "<group>"; };
		18F32937243CC9A3000C0B15 /* TabBarViewController.swift */ = {isa = PBXFileReference; fileEncoding = 4; lastKnownFileType = sourcecode.swift; name = TabBarViewController.swift; path = Kris/TabBarViewController.swift; sourceTree = SOURCE_ROOT; };
		18F32939243CCA74000C0B15 /* TabBarSlideAnimation.swift */ = {isa = PBXFileReference; lastKnownFileType = sourcecode.swift; path = TabBarSlideAnimation.swift; sourceTree = "<group>"; };
		67C13A1D7B2C4B0156C0DC3D /* Pods-KrisTests.release.xcconfig */ = {isa = PBXFileReference; includeInIndex = 1; lastKnownFileType = text.xcconfig; name = "Pods-KrisTests.release.xcconfig"; path = "Target Support Files/Pods-KrisTests/Pods-KrisTests.release.xcconfig"; sourceTree = "<group>"; };
		753E2119420554CF88B8E55F /* Pods-Kris.debug.xcconfig */ = {isa = PBXFileReference; includeInIndex = 1; lastKnownFileType = text.xcconfig; name = "Pods-Kris.debug.xcconfig"; path = "Target Support Files/Pods-Kris/Pods-Kris.debug.xcconfig"; sourceTree = "<group>"; };
		8779C2CE396F4C386543FD9F /* Pods-KrisTests.debug.xcconfig */ = {isa = PBXFileReference; includeInIndex = 1; lastKnownFileType = text.xcconfig; name = "Pods-KrisTests.debug.xcconfig"; path = "Target Support Files/Pods-KrisTests/Pods-KrisTests.debug.xcconfig"; sourceTree = "<group>"; };
		A7473B6CD5159D7796BEB7A2 /* Pods-Kris-KrisUITests.release.xcconfig */ = {isa = PBXFileReference; includeInIndex = 1; lastKnownFileType = text.xcconfig; name = "Pods-Kris-KrisUITests.release.xcconfig"; path = "Target Support Files/Pods-Kris-KrisUITests/Pods-Kris-KrisUITests.release.xcconfig"; sourceTree = "<group>"; };
		B6C0F7BBB994D3334C2FA46D /* Pods-Kris-KrisUITests.debug.xcconfig */ = {isa = PBXFileReference; includeInIndex = 1; lastKnownFileType = text.xcconfig; name = "Pods-Kris-KrisUITests.debug.xcconfig"; path = "Target Support Files/Pods-Kris-KrisUITests/Pods-Kris-KrisUITests.debug.xcconfig"; sourceTree = "<group>"; };
		EC792C701E125494F8600DDC /* Pods_Kris_KrisUITests.framework */ = {isa = PBXFileReference; explicitFileType = wrapper.framework; includeInIndex = 0; path = Pods_Kris_KrisUITests.framework; sourceTree = BUILT_PRODUCTS_DIR; };
		EF12003CF8BF5C669CAB551A /* Pods_Kris.framework */ = {isa = PBXFileReference; explicitFileType = wrapper.framework; includeInIndex = 0; path = Pods_Kris.framework; sourceTree = BUILT_PRODUCTS_DIR; };
		EFA639ECEF99BC1E4B748F3D /* Pods-Kris.release.xcconfig */ = {isa = PBXFileReference; includeInIndex = 1; lastKnownFileType = text.xcconfig; name = "Pods-Kris.release.xcconfig"; path = "Target Support Files/Pods-Kris/Pods-Kris.release.xcconfig"; sourceTree = "<group>"; };
/* End PBXFileReference section */

/* Begin PBXFrameworksBuildPhase section */
		18ED98202426D49900F98C67 /* Frameworks */ = {
			isa = PBXFrameworksBuildPhase;
			buildActionMask = 2147483647;
			files = (
				FADA3525C9B61EBA2C81432B /* Pods_Kris.framework in Frameworks */,
			);
			runOnlyForDeploymentPostprocessing = 0;
		};
		18ED98362426D49A00F98C67 /* Frameworks */ = {
			isa = PBXFrameworksBuildPhase;
			buildActionMask = 2147483647;
			files = (
				DEEF4292F1E293A1CE02E791 /* Pods_KrisTests.framework in Frameworks */,
			);
			runOnlyForDeploymentPostprocessing = 0;
		};
		18ED98412426D49A00F98C67 /* Frameworks */ = {
			isa = PBXFrameworksBuildPhase;
			buildActionMask = 2147483647;
			files = (
				0635912046C0BA54E2172EEF /* Pods_Kris_KrisUITests.framework in Frameworks */,
			);
			runOnlyForDeploymentPostprocessing = 0;
		};
/* End PBXFrameworksBuildPhase section */

/* Begin PBXGroup section */
		11DA75B7D99771500C65ECBC /* Frameworks */ = {
			isa = PBXGroup;
			children = (
				EF12003CF8BF5C669CAB551A /* Pods_Kris.framework */,
				EC792C701E125494F8600DDC /* Pods_Kris_KrisUITests.framework */,
				12DF4825DE935201B1D68A4F /* Pods_KrisTests.framework */,
			);
			name = Frameworks;
			sourceTree = "<group>";
		};
		182580AB242E476200A0317E /* Skills */ = {
			isa = PBXGroup;
			children = (
				182580A9242E474100A0317E /* SkillsViewController.swift */,
				182580A7242E418300A0317E /* SkillCellwHeader.swift */,
				182580A5242E416300A0317E /* SkillCell.swift */,
			);
			path = Skills;
			sourceTree = "<group>";
		};
		182580AC242FD7F800A0317E /* Projects */ = {
			isa = PBXGroup;
			children = (
				182580AD242FD85700A0317E /* ProjectsViewController.swift */,
				182580AF242FD9D300A0317E /* ProjectsCell.swift */,
			);
			path = Projects;
			sourceTree = "<group>";
		};
		182580B12430FF0200A0317E /* Interests */ = {
			isa = PBXGroup;
			children = (
				18ED985C242718FC00F98C67 /* InterestsViewController.swift */,
				182580B424323FB900A0317E /* HeaderCell.swift */,
				182580B22431A78100A0317E /* BookCell.swift */,
				182580B7243279E500A0317E /* LinkCell.swift */,
				182580B9243374FC00A0317E /* AlbumCell.swift */,
			);
			path = Interests;
			sourceTree = "<group>";
		};
		183BC286242B9D98006A01F8 /* Work */ = {
			isa = PBXGroup;
			children = (
				18ED98582426DDB300F98C67 /* WorkViewController.swift */,
				183BC287242B9E45006A01F8 /* WorkHeaderCell.swift */,
				183BC289242BA4B2006A01F8 /* JobCell.swift */,
				1863D0BD2449FE1800A3608D /* JobData.swift */,
			);
			path = Work;
			sourceTree = "<group>";
		};
		186EA9E324365E3700282369 /* Custom Views */ = {
			isa = PBXGroup;
			children = (
				182580A3242E414600A0317E /* InfoCell.swift */,
				186EA9E1243658D200282369 /* LinkView.swift */,
			);
			path = "Custom Views";
			sourceTree = "<group>";
		};
		186EA9E82438CE1600282369 /* Message */ = {
			isa = PBXGroup;
			children = (
				18ED9860242719C500F98C67 /* MessageViewControlller.swift */,
				186EA9ED24399A1500282369 /* MessageHeaderCell.swift */,
				186EA9E92439097000282369 /* MessageCell.swift */,
			);
			path = Message;
			sourceTree = "<group>";
		};
		189A58482440F08C00CFB59B /* Init */ = {
			isa = PBXGroup;
			children = (
				18ED98262426D49900F98C67 /* AppDelegate.swift */,
				18ED98282426D49900F98C67 /* SceneDelegate.swift */,
				18EDACB72434D640004C11D8 /* LoadingViewController.swift */,
			);
			path = Init;
			sourceTree = "<group>";
		};
		18CFF3482442D67C00D42016 /* Inbox */ = {
			isa = PBXGroup;
			children = (
				18CFF3492442D6AF00D42016 /* InboxVC.swift */,
				18CFF34B2442D6C700D42016 /* InboxCell.swift */,
			);
			path = Inbox;
			sourceTree = "<group>";
		};
		18E7D3C2243D48CF00FF8FBF /* Globals & Misc */ = {
			isa = PBXGroup;
			children = (
				187566842442466900F62C7A /* PushNotification.swift */,
				18ED985A2426DEEB00F98C67 /* ColorTheme.swift */,
				18E7D3C3243D490100FF8FBF /* DeviceModel.swift */,
				18E7D3C5243D496000FF8FBF /* MapStyle.swift */,
				18E7D3C7243D497B00FF8FBF /* Vibrations.swift */,
				18E7D3CC243D4A1B00FF8FBF /* Database.swift */,
				18E7D3CE243D4A5900FF8FBF /* Timestamp.swift */,
				18E7D3D0243D4AAD00FF8FBF /* RecordDevice.swift */,
			);
			path = "Globals & Misc";
			sourceTree = "<group>";
		};
		18E7D3CB243D4A0000FF8FBF /* Blocked */ = {
			isa = PBXGroup;
			children = (
				18E7D3C9243D49F200FF8FBF /* BlockedViewController.swift */,
			);
			path = Blocked;
			sourceTree = "<group>";
		};
		18ED981A2426D49900F98C67 = {
			isa = PBXGroup;
			children = (
				18ED98252426D49900F98C67 /* Kris */,
				18ED983C2426D49A00F98C67 /* KrisTests */,
				18ED98472426D49A00F98C67 /* KrisUITests */,
				18ED98242426D49900F98C67 /* Products */,
				CF450A745CBF22C93B1A464F /* Pods */,
				11DA75B7D99771500C65ECBC /* Frameworks */,
			);
			sourceTree = "<group>";
		};
		18ED98242426D49900F98C67 /* Products */ = {
			isa = PBXGroup;
			children = (
				18ED98232426D49900F98C67 /* Hire Kris!.app */,
				18ED98392426D49A00F98C67 /* KrisTests.xctest */,
				18ED98442426D49A00F98C67 /* KrisUITests.xctest */,
			);
			name = Products;
			sourceTree = "<group>";
		};
		18ED98252426D49900F98C67 /* Kris */ = {
			isa = PBXGroup;
			children = (
				1875668624424A1200F62C7A /* Resume.entitlements */,
				18ED98312426D49A00F98C67 /* LaunchScreen.storyboard */,
				18ED982C2426D49900F98C67 /* Main.storyboard */,
				189A58482440F08C00CFB59B /* Init */,
				18F3292C243CC73B000C0B15 /* Tabbar */,
				18ED98642427A18100F98C67 /* About Me */,
				183BC286242B9D98006A01F8 /* Work */,
				182580AB242E476200A0317E /* Skills */,
				182580AC242FD7F800A0317E /* Projects */,
				182580B12430FF0200A0317E /* Interests */,
				18EDACBA2434F95C004C11D8 /* Blog */,
				186EA9E82438CE1600282369 /* Message */,
				18F3293B243CE10A000C0B15 /* Get Info */,
				186EA9E324365E3700282369 /* Custom Views */,
				18E7D3CB243D4A0000FF8FBF /* Blocked */,
				18CFF3482442D67C00D42016 /* Inbox */,
				18E7D3C2243D48CF00FF8FBF /* Globals & Misc */,
				18ED982F2426D49A00F98C67 /* Assets.xcassets */,
				18ED98342426D49A00F98C67 /* Info.plist */,
				187566822442442F00F62C7A /* GoogleService-Info.plist */,
			);
			path = Kris;
			sourceTree = "<group>";
		};
		18ED983C2426D49A00F98C67 /* KrisTests */ = {
			isa = PBXGroup;
			children = (
				18ED983D2426D49A00F98C67 /* KrisTests.swift */,
				18ED983F2426D49A00F98C67 /* Info.plist */,
			);
			path = KrisTests;
			sourceTree = "<group>";
		};
		18ED98472426D49A00F98C67 /* KrisUITests */ = {
			isa = PBXGroup;
			children = (
				18ED98482426D49A00F98C67 /* KrisUITests.swift */,
				18ED984A2426D49A00F98C67 /* Info.plist */,
			);
			path = KrisUITests;
			sourceTree = "<group>";
		};
		18ED98642427A18100F98C67 /* About Me */ = {
			isa = PBXGroup;
			children = (
				18ED982A2426D49900F98C67 /* AboutMeViewController.swift */,
				18ED98652427A2B000F98C67 /* AboutMeHeaderCell.swift */,
				183BC28224284616006A01F8 /* AboutMeInfoCell.swift */,
				183BC2842428D357006A01F8 /* AboutMeEducationCell.swift */,
			);
			path = "About Me";
			sourceTree = "<group>";
		};
		18EDACBA2434F95C004C11D8 /* Blog */ = {
			isa = PBXGroup;
			children = (
				18ED985E2427194900F98C67 /* BlogViewController.swift */,
				18EDACBB2434FA88004C11D8 /* PostCell.swift */,
				18EDACBD2435139B004C11D8 /* BlogCell.swift */,
			);
			path = Blog;
			sourceTree = "<group>";
		};
		18F3292C243CC73B000C0B15 /* Tabbar */ = {
			isa = PBXGroup;
			children = (
				18F32937243CC9A3000C0B15 /* TabBarViewController.swift */,
				18F3292D243CC753000C0B15 /* GoogleAds.swift */,
				18F32931243CC7DF000C0B15 /* DetectScreenShot.swift */,
				18F32939243CCA74000C0B15 /* TabBarSlideAnimation.swift */,
				18F32933243CC854000C0B15 /* PresentNotification.swift */,
			);
			path = Tabbar;
			sourceTree = "<group>";
		};
		18F3293B243CE10A000C0B15 /* Get Info */ = {
			isa = PBXGroup;
			children = (
				186EA9EB24396D6900282369 /* GetInfoViewController.swift */,
			);
			path = "Get Info";
			sourceTree = "<group>";
		};
		CF450A745CBF22C93B1A464F /* Pods */ = {
			isa = PBXGroup;
			children = (
				753E2119420554CF88B8E55F /* Pods-Kris.debug.xcconfig */,
				EFA639ECEF99BC1E4B748F3D /* Pods-Kris.release.xcconfig */,
				B6C0F7BBB994D3334C2FA46D /* Pods-Kris-KrisUITests.debug.xcconfig */,
				A7473B6CD5159D7796BEB7A2 /* Pods-Kris-KrisUITests.release.xcconfig */,
				8779C2CE396F4C386543FD9F /* Pods-KrisTests.debug.xcconfig */,
				67C13A1D7B2C4B0156C0DC3D /* Pods-KrisTests.release.xcconfig */,
			);
			path = Pods;
			sourceTree = "<group>";
		};
/* End PBXGroup section */

/* Begin PBXNativeTarget section */
		18ED98222426D49900F98C67 /* Kris */ = {
			isa = PBXNativeTarget;
			buildConfigurationList = 18ED984D2426D49A00F98C67 /* Build configuration list for PBXNativeTarget "Kris" */;
			buildPhases = (
				BE0331035E3715B985407CE7 /* [CP] Check Pods Manifest.lock */,
				18ED981F2426D49900F98C67 /* Sources */,
				18ED98202426D49900F98C67 /* Frameworks */,
				18ED98212426D49900F98C67 /* Resources */,
				E5D62FD50095D3069C215058 /* [CP] Embed Pods Frameworks */,
				92B85E1995D1513EFE75AB09 /* [CP] Copy Pods Resources */,
			);
			buildRules = (
			);
			dependencies = (
			);
			name = Kris;
			productName = Kris;
			productReference = 18ED98232426D49900F98C67 /* Hire Kris!.app */;
			productType = "com.apple.product-type.application";
		};
		18ED98382426D49A00F98C67 /* KrisTests */ = {
			isa = PBXNativeTarget;
			buildConfigurationList = 18ED98502426D49A00F98C67 /* Build configuration list for PBXNativeTarget "KrisTests" */;
			buildPhases = (
				2C0420AA48D1B96865AB7735 /* [CP] Check Pods Manifest.lock */,
				18ED98352426D49A00F98C67 /* Sources */,
				18ED98362426D49A00F98C67 /* Frameworks */,
				18ED98372426D49A00F98C67 /* Resources */,
			);
			buildRules = (
			);
			dependencies = (
				18ED983B2426D49A00F98C67 /* PBXTargetDependency */,
			);
			name = KrisTests;
			productName = KrisTests;
			productReference = 18ED98392426D49A00F98C67 /* KrisTests.xctest */;
			productType = "com.apple.product-type.bundle.unit-test";
		};
		18ED98432426D49A00F98C67 /* KrisUITests */ = {
			isa = PBXNativeTarget;
			buildConfigurationList = 18ED98532426D49A00F98C67 /* Build configuration list for PBXNativeTarget "KrisUITests" */;
			buildPhases = (
				262173E00EAA9D6D59940B53 /* [CP] Check Pods Manifest.lock */,
				18ED98402426D49A00F98C67 /* Sources */,
				18ED98412426D49A00F98C67 /* Frameworks */,
				18ED98422426D49A00F98C67 /* Resources */,
				5141725DAE22C6CC248EC1C5 /* [CP] Embed Pods Frameworks */,
				C6CD614856C1C435E36A2D2E /* [CP] Copy Pods Resources */,
			);
			buildRules = (
			);
			dependencies = (
				18ED98462426D49A00F98C67 /* PBXTargetDependency */,
			);
			name = KrisUITests;
			productName = KrisUITests;
			productReference = 18ED98442426D49A00F98C67 /* KrisUITests.xctest */;
			productType = "com.apple.product-type.bundle.ui-testing";
		};
/* End PBXNativeTarget section */

/* Begin PBXProject section */
		18ED981B2426D49900F98C67 /* Project object */ = {
			isa = PBXProject;
			attributes = {
				LastSwiftUpdateCheck = 1130;
				LastUpgradeCheck = 1130;
				ORGANIZATIONNAME = "Kristopher Jackson";
				TargetAttributes = {
					18ED98222426D49900F98C67 = {
						CreatedOnToolsVersion = 11.3.1;
					};
					18ED98382426D49A00F98C67 = {
						CreatedOnToolsVersion = 11.3.1;
						TestTargetID = 18ED98222426D49900F98C67;
					};
					18ED98432426D49A00F98C67 = {
						CreatedOnToolsVersion = 11.3.1;
						TestTargetID = 18ED98222426D49900F98C67;
					};
				};
			};
			buildConfigurationList = 18ED981E2426D49900F98C67 /* Build configuration list for PBXProject "Kris" */;
			compatibilityVersion = "Xcode 9.3";
			developmentRegion = en;
			hasScannedForEncodings = 0;
			knownRegions = (
				en,
				Base,
			);
			mainGroup = 18ED981A2426D49900F98C67;
			productRefGroup = 18ED98242426D49900F98C67 /* Products */;
			projectDirPath = "";
			projectRoot = "";
			targets = (
				18ED98222426D49900F98C67 /* Kris */,
				18ED98382426D49A00F98C67 /* KrisTests */,
				18ED98432426D49A00F98C67 /* KrisUITests */,
			);
		};
/* End PBXProject section */

/* Begin PBXResourcesBuildPhase section */
		18ED98212426D49900F98C67 /* Resources */ = {
			isa = PBXResourcesBuildPhase;
			buildActionMask = 2147483647;
			files = (
				18ED98332426D49A00F98C67 /* LaunchScreen.storyboard in Resources */,
				187566832442442F00F62C7A /* GoogleService-Info.plist in Resources */,
				18ED98302426D49A00F98C67 /* Assets.xcassets in Resources */,
				18ED982E2426D49900F98C67 /* Main.storyboard in Resources */,
			);
			runOnlyForDeploymentPostprocessing = 0;
		};
		18ED98372426D49A00F98C67 /* Resources */ = {
			isa = PBXResourcesBuildPhase;
			buildActionMask = 2147483647;
			files = (
			);
			runOnlyForDeploymentPostprocessing = 0;
		};
		18ED98422426D49A00F98C67 /* Resources */ = {
			isa = PBXResourcesBuildPhase;
			buildActionMask = 2147483647;
			files = (
			);
			runOnlyForDeploymentPostprocessing = 0;
		};
/* End PBXResourcesBuildPhase section */

/* Begin PBXShellScriptBuildPhase section */
		262173E00EAA9D6D59940B53 /* [CP] Check Pods Manifest.lock */ = {
			isa = PBXShellScriptBuildPhase;
			buildActionMask = 2147483647;
			files = (
			);
			inputFileListPaths = (
			);
			inputPaths = (
				"${PODS_PODFILE_DIR_PATH}/Podfile.lock",
				"${PODS_ROOT}/Manifest.lock",
			);
			name = "[CP] Check Pods Manifest.lock";
			outputFileListPaths = (
			);
			outputPaths = (
				"$(DERIVED_FILE_DIR)/Pods-Kris-KrisUITests-checkManifestLockResult.txt",
			);
			runOnlyForDeploymentPostprocessing = 0;
			shellPath = /bin/sh;
			shellScript = "diff \"${PODS_PODFILE_DIR_PATH}/Podfile.lock\" \"${PODS_ROOT}/Manifest.lock\" > /dev/null\nif [ $? != 0 ] ; then\n    # print error to STDERR\n    echo \"error: The sandbox is not in sync with the Podfile.lock. Run 'pod install' or update your CocoaPods installation.\" >&2\n    exit 1\nfi\n# This output is used by Xcode 'outputs' to avoid re-running this script phase.\necho \"SUCCESS\" > \"${SCRIPT_OUTPUT_FILE_0}\"\n";
			showEnvVarsInLog = 0;
		};
		2C0420AA48D1B96865AB7735 /* [CP] Check Pods Manifest.lock */ = {
			isa = PBXShellScriptBuildPhase;
			buildActionMask = 2147483647;
			files = (
			);
			inputFileListPaths = (
			);
			inputPaths = (
				"${PODS_PODFILE_DIR_PATH}/Podfile.lock",
				"${PODS_ROOT}/Manifest.lock",
			);
			name = "[CP] Check Pods Manifest.lock";
			outputFileListPaths = (
			);
			outputPaths = (
				"$(DERIVED_FILE_DIR)/Pods-KrisTests-checkManifestLockResult.txt",
			);
			runOnlyForDeploymentPostprocessing = 0;
			shellPath = /bin/sh;
			shellScript = "diff \"${PODS_PODFILE_DIR_PATH}/Podfile.lock\" \"${PODS_ROOT}/Manifest.lock\" > /dev/null\nif [ $? != 0 ] ; then\n    # print error to STDERR\n    echo \"error: The sandbox is not in sync with the Podfile.lock. Run 'pod install' or update your CocoaPods installation.\" >&2\n    exit 1\nfi\n# This output is used by Xcode 'outputs' to avoid re-running this script phase.\necho \"SUCCESS\" > \"${SCRIPT_OUTPUT_FILE_0}\"\n";
			showEnvVarsInLog = 0;
		};
		5141725DAE22C6CC248EC1C5 /* [CP] Embed Pods Frameworks */ = {
			isa = PBXShellScriptBuildPhase;
			buildActionMask = 2147483647;
			files = (
			);
			inputFileListPaths = (
				"${PODS_ROOT}/Target Support Files/Pods-Kris-KrisUITests/Pods-Kris-KrisUITests-frameworks-${CONFIGURATION}-input-files.xcfilelist",
			);
			name = "[CP] Embed Pods Frameworks";
			outputFileListPaths = (
				"${PODS_ROOT}/Target Support Files/Pods-Kris-KrisUITests/Pods-Kris-KrisUITests-frameworks-${CONFIGURATION}-output-files.xcfilelist",
			);
			runOnlyForDeploymentPostprocessing = 0;
			shellPath = /bin/sh;
			shellScript = "\"${PODS_ROOT}/Target Support Files/Pods-Kris-KrisUITests/Pods-Kris-KrisUITests-frameworks.sh\"\n";
			showEnvVarsInLog = 0;
		};
		92B85E1995D1513EFE75AB09 /* [CP] Copy Pods Resources */ = {
			isa = PBXShellScriptBuildPhase;
			buildActionMask = 2147483647;
			files = (
			);
			inputFileListPaths = (
				"${PODS_ROOT}/Target Support Files/Pods-Kris/Pods-Kris-resources-${CONFIGURATION}-input-files.xcfilelist",
			);
			name = "[CP] Copy Pods Resources";
			outputFileListPaths = (
				"${PODS_ROOT}/Target Support Files/Pods-Kris/Pods-Kris-resources-${CONFIGURATION}-output-files.xcfilelist",
			);
			runOnlyForDeploymentPostprocessing = 0;
			shellPath = /bin/sh;
			shellScript = "\"${PODS_ROOT}/Target Support Files/Pods-Kris/Pods-Kris-resources.sh\"\n";
			showEnvVarsInLog = 0;
		};
		BE0331035E3715B985407CE7 /* [CP] Check Pods Manifest.lock */ = {
			isa = PBXShellScriptBuildPhase;
			buildActionMask = 2147483647;
			files = (
			);
			inputFileListPaths = (
			);
			inputPaths = (
				"${PODS_PODFILE_DIR_PATH}/Podfile.lock",
				"${PODS_ROOT}/Manifest.lock",
			);
			name = "[CP] Check Pods Manifest.lock";
			outputFileListPaths = (
			);
			outputPaths = (
				"$(DERIVED_FILE_DIR)/Pods-Kris-checkManifestLockResult.txt",
			);
			runOnlyForDeploymentPostprocessing = 0;
			shellPath = /bin/sh;
			shellScript = "diff \"${PODS_PODFILE_DIR_PATH}/Podfile.lock\" \"${PODS_ROOT}/Manifest.lock\" > /dev/null\nif [ $? != 0 ] ; then\n    # print error to STDERR\n    echo \"error: The sandbox is not in sync with the Podfile.lock. Run 'pod install' or update your CocoaPods installation.\" >&2\n    exit 1\nfi\n# This output is used by Xcode 'outputs' to avoid re-running this script phase.\necho \"SUCCESS\" > \"${SCRIPT_OUTPUT_FILE_0}\"\n";
			showEnvVarsInLog = 0;
		};
		C6CD614856C1C435E36A2D2E /* [CP] Copy Pods Resources */ = {
			isa = PBXShellScriptBuildPhase;
			buildActionMask = 2147483647;
			files = (
			);
			inputFileListPaths = (
				"${PODS_ROOT}/Target Support Files/Pods-Kris-KrisUITests/Pods-Kris-KrisUITests-resources-${CONFIGURATION}-input-files.xcfilelist",
			);
			name = "[CP] Copy Pods Resources";
			outputFileListPaths = (
				"${PODS_ROOT}/Target Support Files/Pods-Kris-KrisUITests/Pods-Kris-KrisUITests-resources-${CONFIGURATION}-output-files.xcfilelist",
			);
			runOnlyForDeploymentPostprocessing = 0;
			shellPath = /bin/sh;
			shellScript = "\"${PODS_ROOT}/Target Support Files/Pods-Kris-KrisUITests/Pods-Kris-KrisUITests-resources.sh\"\n";
			showEnvVarsInLog = 0;
		};
		E5D62FD50095D3069C215058 /* [CP] Embed Pods Frameworks */ = {
			isa = PBXShellScriptBuildPhase;
			buildActionMask = 2147483647;
			files = (
			);
			inputFileListPaths = (
				"${PODS_ROOT}/Target Support Files/Pods-Kris/Pods-Kris-frameworks-${CONFIGURATION}-input-files.xcfilelist",
			);
			name = "[CP] Embed Pods Frameworks";
			outputFileListPaths = (
				"${PODS_ROOT}/Target Support Files/Pods-Kris/Pods-Kris-frameworks-${CONFIGURATION}-output-files.xcfilelist",
			);
			runOnlyForDeploymentPostprocessing = 0;
			shellPath = /bin/sh;
			shellScript = "\"${PODS_ROOT}/Target Support Files/Pods-Kris/Pods-Kris-frameworks.sh\"\n";
			showEnvVarsInLog = 0;
		};
/* End PBXShellScriptBuildPhase section */

/* Begin PBXSourcesBuildPhase section */
		18ED981F2426D49900F98C67 /* Sources */ = {
			isa = PBXSourcesBuildPhase;
			buildActionMask = 2147483647;
			files = (
				187566852442466900F62C7A /* PushNotification.swift in Sources */,
				18E7D3CD243D4A1B00FF8FBF /* Database.swift in Sources */,
				18F3293A243CCA74000C0B15 /* TabBarSlideAnimation.swift in Sources */,
				18E7D3CF243D4A5900FF8FBF /* Timestamp.swift in Sources */,
				18ED98592426DDB300F98C67 /* WorkViewController.swift in Sources */,
				18CFF34A2442D6AF00D42016 /* InboxVC.swift in Sources */,
				18F32934243CC854000C0B15 /* PresentNotification.swift in Sources */,
				182580AE242FD85700A0317E /* ProjectsViewController.swift in Sources */,
				18E7D3C8243D497B00FF8FBF /* Vibrations.swift in Sources */,
				18F32938243CC9A3000C0B15 /* TabBarViewController.swift in Sources */,
				182580BA243374FC00A0317E /* AlbumCell.swift in Sources */,
				1863D0BE2449FE1800A3608D /* JobData.swift in Sources */,
				183BC2852428D357006A01F8 /* AboutMeEducationCell.swift in Sources */,
				18ED982B2426D49900F98C67 /* AboutMeViewController.swift in Sources */,
				182580A8242E418300A0317E /* SkillCellwHeader.swift in Sources */,
				18EDACB82434D640004C11D8 /* LoadingViewController.swift in Sources */,
				18EDACBE2435139B004C11D8 /* BlogCell.swift in Sources */,
				18ED985B2426DEEB00F98C67 /* ColorTheme.swift in Sources */,
				18ED98272426D49900F98C67 /* AppDelegate.swift in Sources */,
				18E7D3C4243D490100FF8FBF /* DeviceModel.swift in Sources */,
				182580B8243279E500A0317E /* LinkCell.swift in Sources */,
				18E7D3CA243D49F200FF8FBF /* BlockedViewController.swift in Sources */,
				18CFF34C2442D6C700D42016 /* InboxCell.swift in Sources */,
				18E7D3C6243D496000FF8FBF /* MapStyle.swift in Sources */,
				18E7D3D1243D4AAD00FF8FBF /* RecordDevice.swift in Sources */,
				18ED98292426D49900F98C67 /* SceneDelegate.swift in Sources */,
				18ED98662427A2B000F98C67 /* AboutMeHeaderCell.swift in Sources */,
				182580B32431A78100A0317E /* BookCell.swift in Sources */,
				183BC288242B9E45006A01F8 /* WorkHeaderCell.swift in Sources */,
				18EDACBC2434FA88004C11D8 /* PostCell.swift in Sources */,
				18F32932243CC7DF000C0B15 /* DetectScreenShot.swift in Sources */,
				182580AA242E474100A0317E /* SkillsViewController.swift in Sources */,
				186EA9EA2439097000282369 /* MessageCell.swift in Sources */,
				182580A6242E416300A0317E /* SkillCell.swift in Sources */,
				183BC28324284616006A01F8 /* AboutMeInfoCell.swift in Sources */,
				18ED985F2427194900F98C67 /* BlogViewController.swift in Sources */,
				18ED985D242718FC00F98C67 /* InterestsViewController.swift in Sources */,
				18ED9861242719C500F98C67 /* MessageViewControlller.swift in Sources */,
				183BC28A242BA4B2006A01F8 /* JobCell.swift in Sources */,
				182580A4242E414600A0317E /* InfoCell.swift in Sources */,
				182580B524323FB900A0317E /* HeaderCell.swift in Sources */,
				186EA9EC24396D6900282369 /* GetInfoViewController.swift in Sources */,
				186EA9E2243658D200282369 /* LinkView.swift in Sources */,
				182580B0242FD9D300A0317E /* ProjectsCell.swift in Sources */,
				186EA9EE24399A1500282369 /* MessageHeaderCell.swift in Sources */,
				18F3292E243CC753000C0B15 /* GoogleAds.swift in Sources */,
			);
			runOnlyForDeploymentPostprocessing = 0;
		};
		18ED98352426D49A00F98C67 /* Sources */ = {
			isa = PBXSourcesBuildPhase;
			buildActionMask = 2147483647;
			files = (
				18ED983E2426D49A00F98C67 /* KrisTests.swift in Sources */,
			);
			runOnlyForDeploymentPostprocessing = 0;
		};
		18ED98402426D49A00F98C67 /* Sources */ = {
			isa = PBXSourcesBuildPhase;
			buildActionMask = 2147483647;
			files = (
				18ED98492426D49A00F98C67 /* KrisUITests.swift in Sources */,
			);
			runOnlyForDeploymentPostprocessing = 0;
		};
/* End PBXSourcesBuildPhase section */

/* Begin PBXTargetDependency section */
		18ED983B2426D49A00F98C67 /* PBXTargetDependency */ = {
			isa = PBXTargetDependency;
			target = 18ED98222426D49900F98C67 /* Kris */;
			targetProxy = 18ED983A2426D49A00F98C67 /* PBXContainerItemProxy */;
		};
		18ED98462426D49A00F98C67 /* PBXTargetDependency */ = {
			isa = PBXTargetDependency;
			target = 18ED98222426D49900F98C67 /* Kris */;
			targetProxy = 18ED98452426D49A00F98C67 /* PBXContainerItemProxy */;
		};
/* End PBXTargetDependency section */

/* Begin PBXVariantGroup section */
		18ED982C2426D49900F98C67 /* Main.storyboard */ = {
			isa = PBXVariantGroup;
			children = (
				18ED982D2426D49900F98C67 /* Base */,
			);
			name = Main.storyboard;
			sourceTree = "<group>";
		};
		18ED98312426D49A00F98C67 /* LaunchScreen.storyboard */ = {
			isa = PBXVariantGroup;
			children = (
				18ED98322426D49A00F98C67 /* Base */,
			);
			name = LaunchScreen.storyboard;
			sourceTree = "<group>";
		};
/* End PBXVariantGroup section */

/* Begin XCBuildConfiguration section */
		18ED984B2426D49A00F98C67 /* Debug */ = {
			isa = XCBuildConfiguration;
			buildSettings = {
				ALWAYS_SEARCH_USER_PATHS = NO;
				CLANG_ANALYZER_NONNULL = YES;
				CLANG_ANALYZER_NUMBER_OBJECT_CONVERSION = YES_AGGRESSIVE;
				CLANG_CXX_LANGUAGE_STANDARD = "gnu++14";
				CLANG_CXX_LIBRARY = "libc++";
				CLANG_ENABLE_MODULES = YES;
				CLANG_ENABLE_OBJC_ARC = YES;
				CLANG_ENABLE_OBJC_WEAK = YES;
				CLANG_WARN_BLOCK_CAPTURE_AUTORELEASING = YES;
				CLANG_WARN_BOOL_CONVERSION = YES;
				CLANG_WARN_COMMA = YES;
				CLANG_WARN_CONSTANT_CONVERSION = YES;
				CLANG_WARN_DEPRECATED_OBJC_IMPLEMENTATIONS = YES;
				CLANG_WARN_DIRECT_OBJC_ISA_USAGE = YES_ERROR;
				CLANG_WARN_DOCUMENTATION_COMMENTS = YES;
				CLANG_WARN_EMPTY_BODY = YES;
				CLANG_WARN_ENUM_CONVERSION = YES;
				CLANG_WARN_INFINITE_RECURSION = YES;
				CLANG_WARN_INT_CONVERSION = YES;
				CLANG_WARN_NON_LITERAL_NULL_CONVERSION = YES;
				CLANG_WARN_OBJC_IMPLICIT_RETAIN_SELF = YES;
				CLANG_WARN_OBJC_LITERAL_CONVERSION = YES;
				CLANG_WARN_OBJC_ROOT_CLASS = YES_ERROR;
				CLANG_WARN_RANGE_LOOP_ANALYSIS = YES;
				CLANG_WARN_STRICT_PROTOTYPES = YES;
				CLANG_WARN_SUSPICIOUS_MOVE = YES;
				CLANG_WARN_UNGUARDED_AVAILABILITY = YES_AGGRESSIVE;
				CLANG_WARN_UNREACHABLE_CODE = YES;
				CLANG_WARN__DUPLICATE_METHOD_MATCH = YES;
				COPY_PHASE_STRIP = NO;
				DEBUG_INFORMATION_FORMAT = dwarf;
				ENABLE_STRICT_OBJC_MSGSEND = YES;
				ENABLE_TESTABILITY = YES;
				GCC_C_LANGUAGE_STANDARD = gnu11;
				GCC_DYNAMIC_NO_PIC = NO;
				GCC_NO_COMMON_BLOCKS = YES;
				GCC_OPTIMIZATION_LEVEL = 0;
				GCC_PREPROCESSOR_DEFINITIONS = (
					"DEBUG=1",
					"$(inherited)",
				);
				GCC_WARN_64_TO_32_BIT_CONVERSION = YES;
				GCC_WARN_ABOUT_RETURN_TYPE = YES_ERROR;
				GCC_WARN_UNDECLARED_SELECTOR = YES;
				GCC_WARN_UNINITIALIZED_AUTOS = YES_AGGRESSIVE;
				GCC_WARN_UNUSED_FUNCTION = YES;
				GCC_WARN_UNUSED_VARIABLE = YES;
				IPHONEOS_DEPLOYMENT_TARGET = 13.2;
				MTL_ENABLE_DEBUG_INFO = INCLUDE_SOURCE;
				MTL_FAST_MATH = YES;
				ONLY_ACTIVE_ARCH = YES;
				SDKROOT = iphoneos;
				SWIFT_ACTIVE_COMPILATION_CONDITIONS = DEBUG;
				SWIFT_OPTIMIZATION_LEVEL = "-Onone";
			};
			name = Debug;
		};
		18ED984C2426D49A00F98C67 /* Release */ = {
			isa = XCBuildConfiguration;
			buildSettings = {
				ALWAYS_SEARCH_USER_PATHS = NO;
				CLANG_ANALYZER_NONNULL = YES;
				CLANG_ANALYZER_NUMBER_OBJECT_CONVERSION = YES_AGGRESSIVE;
				CLANG_CXX_LANGUAGE_STANDARD = "gnu++14";
				CLANG_CXX_LIBRARY = "libc++";
				CLANG_ENABLE_MODULES = YES;
				CLANG_ENABLE_OBJC_ARC = YES;
				CLANG_ENABLE_OBJC_WEAK = YES;
				CLANG_WARN_BLOCK_CAPTURE_AUTORELEASING = YES;
				CLANG_WARN_BOOL_CONVERSION = YES;
				CLANG_WARN_COMMA = YES;
				CLANG_WARN_CONSTANT_CONVERSION = YES;
				CLANG_WARN_DEPRECATED_OBJC_IMPLEMENTATIONS = YES;
				CLANG_WARN_DIRECT_OBJC_ISA_USAGE = YES_ERROR;
				CLANG_WARN_DOCUMENTATION_COMMENTS = YES;
				CLANG_WARN_EMPTY_BODY = YES;
				CLANG_WARN_ENUM_CONVERSION = YES;
				CLANG_WARN_INFINITE_RECURSION = YES;
				CLANG_WARN_INT_CONVERSION = YES;
				CLANG_WARN_NON_LITERAL_NULL_CONVERSION = YES;
				CLANG_WARN_OBJC_IMPLICIT_RETAIN_SELF = YES;
				CLANG_WARN_OBJC_LITERAL_CONVERSION = YES;
				CLANG_WARN_OBJC_ROOT_CLASS = YES_ERROR;
				CLANG_WARN_RANGE_LOOP_ANALYSIS = YES;
				CLANG_WARN_STRICT_PROTOTYPES = YES;
				CLANG_WARN_SUSPICIOUS_MOVE = YES;
				CLANG_WARN_UNGUARDED_AVAILABILITY = YES_AGGRESSIVE;
				CLANG_WARN_UNREACHABLE_CODE = YES;
				CLANG_WARN__DUPLICATE_METHOD_MATCH = YES;
				COPY_PHASE_STRIP = NO;
				DEBUG_INFORMATION_FORMAT = "dwarf-with-dsym";
				ENABLE_NS_ASSERTIONS = NO;
				ENABLE_STRICT_OBJC_MSGSEND = YES;
				GCC_C_LANGUAGE_STANDARD = gnu11;
				GCC_NO_COMMON_BLOCKS = YES;
				GCC_WARN_64_TO_32_BIT_CONVERSION = YES;
				GCC_WARN_ABOUT_RETURN_TYPE = YES_ERROR;
				GCC_WARN_UNDECLARED_SELECTOR = YES;
				GCC_WARN_UNINITIALIZED_AUTOS = YES_AGGRESSIVE;
				GCC_WARN_UNUSED_FUNCTION = YES;
				GCC_WARN_UNUSED_VARIABLE = YES;
				IPHONEOS_DEPLOYMENT_TARGET = 13.2;
				MTL_ENABLE_DEBUG_INFO = NO;
				MTL_FAST_MATH = YES;
				SDKROOT = iphoneos;
				SWIFT_COMPILATION_MODE = wholemodule;
				SWIFT_OPTIMIZATION_LEVEL = "-O";
				VALIDATE_PRODUCT = YES;
			};
			name = Release;
		};
		18ED984E2426D49A00F98C67 /* Debug */ = {
			isa = XCBuildConfiguration;
			baseConfigurationReference = 753E2119420554CF88B8E55F /* Pods-Kris.debug.xcconfig */;
			buildSettings = {
				ASSETCATALOG_COMPILER_APPICON_NAME = AppIcon;
				CODE_SIGN_ENTITLEMENTS = Kris/Resume.entitlements;
				CODE_SIGN_STYLE = Automatic;
				CURRENT_PROJECT_VERSION = 3;
				DEVELOPMENT_TEAM = FW36D52GL8;
				INFOPLIST_FILE = Kris/Info.plist;
				LD_RUNPATH_SEARCH_PATHS = (
					"$(inherited)",
					"@executable_path/Frameworks",
				);
				PRODUCT_BUNDLE_IDENTIFIER = com.KrisJackson.Kris;
				PRODUCT_NAME = "Hire Kris!";
				SWIFT_VERSION = 5.0;
				TARGETED_DEVICE_FAMILY = 1;
			};
			name = Debug;
		};
		18ED984F2426D49A00F98C67 /* Release */ = {
			isa = XCBuildConfiguration;
			baseConfigurationReference = EFA639ECEF99BC1E4B748F3D /* Pods-Kris.release.xcconfig */;
			buildSettings = {
				ASSETCATALOG_COMPILER_APPICON_NAME = AppIcon;
				CODE_SIGN_ENTITLEMENTS = Kris/Resume.entitlements;
				CODE_SIGN_STYLE = Automatic;
				CURRENT_PROJECT_VERSION = 3;
				DEVELOPMENT_TEAM = FW36D52GL8;
				INFOPLIST_FILE = Kris/Info.plist;
				LD_RUNPATH_SEARCH_PATHS = (
					"$(inherited)",
					"@executable_path/Frameworks",
				);
				PRODUCT_BUNDLE_IDENTIFIER = com.KrisJackson.Kris;
				PRODUCT_NAME = "Hire Kris!";
				SWIFT_VERSION = 5.0;
				TARGETED_DEVICE_FAMILY = 1;
			};
			name = Release;
		};
		18ED98512426D49A00F98C67 /* Debug */ = {
			isa = XCBuildConfiguration;
			baseConfigurationReference = 8779C2CE396F4C386543FD9F /* Pods-KrisTests.debug.xcconfig */;
			buildSettings = {
				ALWAYS_EMBED_SWIFT_STANDARD_LIBRARIES = YES;
				BUNDLE_LOADER = "$(TEST_HOST)";
				CODE_SIGN_STYLE = Automatic;
				DEVELOPMENT_TEAM = FW36D52GL8;
				INFOPLIST_FILE = KrisTests/Info.plist;
				IPHONEOS_DEPLOYMENT_TARGET = 13.2;
				LD_RUNPATH_SEARCH_PATHS = (
					"$(inherited)",
					"@executable_path/Frameworks",
					"@loader_path/Frameworks",
				);
				PRODUCT_BUNDLE_IDENTIFIER = com.KrisJackson.KrisTests;
				PRODUCT_NAME = "$(TARGET_NAME)";
				SWIFT_VERSION = 5.0;
				TARGETED_DEVICE_FAMILY = "1,2";
				TEST_HOST = "$(BUILT_PRODUCTS_DIR)/Kris.app/Kris";
			};
			name = Debug;
		};
		18ED98522426D49A00F98C67 /* Release */ = {
			isa = XCBuildConfiguration;
			baseConfigurationReference = 67C13A1D7B2C4B0156C0DC3D /* Pods-KrisTests.release.xcconfig */;
			buildSettings = {
				ALWAYS_EMBED_SWIFT_STANDARD_LIBRARIES = YES;
				BUNDLE_LOADER = "$(TEST_HOST)";
				CODE_SIGN_STYLE = Automatic;
				DEVELOPMENT_TEAM = FW36D52GL8;
				INFOPLIST_FILE = KrisTests/Info.plist;
				IPHONEOS_DEPLOYMENT_TARGET = 13.2;
				LD_RUNPATH_SEARCH_PATHS = (
					"$(inherited)",
					"@executable_path/Frameworks",
					"@loader_path/Frameworks",
				);
				PRODUCT_BUNDLE_IDENTIFIER = com.KrisJackson.KrisTests;
				PRODUCT_NAME = "$(TARGET_NAME)";
				SWIFT_VERSION = 5.0;
				TARGETED_DEVICE_FAMILY = "1,2";
				TEST_HOST = "$(BUILT_PRODUCTS_DIR)/Kris.app/Kris";
			};
			name = Release;
		};
		18ED98542426D49A00F98C67 /* Debug */ = {
			isa = XCBuildConfiguration;
			baseConfigurationReference = B6C0F7BBB994D3334C2FA46D /* Pods-Kris-KrisUITests.debug.xcconfig */;
			buildSettings = {
				ALWAYS_EMBED_SWIFT_STANDARD_LIBRARIES = YES;
				CODE_SIGN_STYLE = Automatic;
				DEVELOPMENT_TEAM = FW36D52GL8;
				INFOPLIST_FILE = KrisUITests/Info.plist;
				LD_RUNPATH_SEARCH_PATHS = (
					"$(inherited)",
					"@executable_path/Frameworks",
					"@loader_path/Frameworks",
				);
				PRODUCT_BUNDLE_IDENTIFIER = com.KrisJackson.KrisUITests;
				PRODUCT_NAME = "$(TARGET_NAME)";
				SWIFT_VERSION = 5.0;
				TARGETED_DEVICE_FAMILY = "1,2";
				TEST_TARGET_NAME = Kris;
			};
			name = Debug;
		};
		18ED98552426D49A00F98C67 /* Release */ = {
			isa = XCBuildConfiguration;
			baseConfigurationReference = A7473B6CD5159D7796BEB7A2 /* Pods-Kris-KrisUITests.release.xcconfig */;
			buildSettings = {
				ALWAYS_EMBED_SWIFT_STANDARD_LIBRARIES = YES;
				CODE_SIGN_STYLE = Automatic;
				DEVELOPMENT_TEAM = FW36D52GL8;
				INFOPLIST_FILE = KrisUITests/Info.plist;
				LD_RUNPATH_SEARCH_PATHS = (
					"$(inherited)",
					"@executable_path/Frameworks",
					"@loader_path/Frameworks",
				);
				PRODUCT_BUNDLE_IDENTIFIER = com.KrisJackson.KrisUITests;
				PRODUCT_NAME = "$(TARGET_NAME)";
				SWIFT_VERSION = 5.0;
				TARGETED_DEVICE_FAMILY = "1,2";
				TEST_TARGET_NAME = Kris;
			};
			name = Release;
		};
/* End XCBuildConfiguration section */

/* Begin XCConfigurationList section */
		18ED981E2426D49900F98C67 /* Build configuration list for PBXProject "Kris" */ = {
			isa = XCConfigurationList;
			buildConfigurations = (
				18ED984B2426D49A00F98C67 /* Debug */,
				18ED984C2426D49A00F98C67 /* Release */,
			);
			defaultConfigurationIsVisible = 0;
			defaultConfigurationName = Release;
		};
		18ED984D2426D49A00F98C67 /* Build configuration list for PBXNativeTarget "Kris" */ = {
			isa = XCConfigurationList;
			buildConfigurations = (
				18ED984E2426D49A00F98C67 /* Debug */,
				18ED984F2426D49A00F98C67 /* Release */,
			);
			defaultConfigurationIsVisible = 0;
			defaultConfigurationName = Release;
		};
		18ED98502426D49A00F98C67 /* Build configuration list for PBXNativeTarget "KrisTests" */ = {
			isa = XCConfigurationList;
			buildConfigurations = (
				18ED98512426D49A00F98C67 /* Debug */,
				18ED98522426D49A00F98C67 /* Release */,
			);
			defaultConfigurationIsVisible = 0;
			defaultConfigurationName = Release;
		};
		18ED98532426D49A00F98C67 /* Build configuration list for PBXNativeTarget "KrisUITests" */ = {
			isa = XCConfigurationList;
			buildConfigurations = (
				18ED98542426D49A00F98C67 /* Debug */,
				18ED98552426D49A00F98C67 /* Release */,
			);
			defaultConfigurationIsVisible = 0;
			defaultConfigurationName = Release;
		};
/* End XCConfigurationList section */
	};
	rootObject = 18ED981B2426D49900F98C67 /* Project object */;
}
